
Microsoft Visual Studio Solution File, Format Version 12.00
# Visual Studio Version 17
VisualStudioVersion = 17.14.36408.4
MinimumVisualStudioVersion = 10.0.40219.1
Project("{FAE04EC0-301F-11D3-BF4B-00C04F79EFBC}") = "StudentManagementRazorClientApp", "StudentManagementRazorClientApp.csproj", "{1BADD888-30F0-4CFC-881F-1DA4F02CAEC0}"
EndProject
Global
	GlobalSection(SolutionConfigurationPlatforms) = preSolution
		Debug|Any CPU = Debug|Any CPU
		Release|Any CPU = Release|Any CPU
	EndGlobalSection
	GlobalSection(ProjectConfigurationPlatforms) = postSolution
		{1BADD888-30F0-4CFC-881F-1DA4F02CAEC0}.Debug|Any CPU.ActiveCfg = Debug|Any CPU
		{1BADD888-30F0-4CFC-881F-1DA4F02CAEC0}.Debug|Any CPU.Build.0 = Debug|Any CPU
		{1BADD888-30F0-4CFC-881F-1DA4F02CAEC0}.Release|Any CPU.ActiveCfg = Release|Any CPU
		{1BADD888-30F0-4CFC-881F-1DA4F02CAEC0}.Release|Any CPU.Build.0 = Release|Any CPU
	EndGlobalSection
	GlobalSection(SolutionProperties) = preSolution
		HideSolutionNode = FALSE
	EndGlobalSection
	GlobalSection(ExtensibilityGlobals) = postSolution
		SolutionGuid = {187EA97F-8A2F-4041-831F-FECA89D8C228}
	EndGlobalSection
EndGlobal
